
Microsoft Visual Studio Solution File, Format Version 12.00
# Visual Studio Version 16
VisualStudioVersion = 16.0.30114.105
MinimumVisualStudioVersion = 10.0.40219.1
Project("{FAE04EC0-301F-11D3-BF4B-00C04F79EFBC}") = "KeepNote", "KeepNote.csproj", "{5131272D-3BAB-4A15-AA06-7368EAEFBFDF}"
EndProject
Global
	GlobalSection(SolutionConfigurationPlatforms) = preSolution
		Debug|Any CPU = Debug|Any CPU
		Release|Any CPU = Release|Any CPU
	EndGlobalSection
	GlobalSection(ProjectConfigurationPlatforms) = postSolution
		{5131272D-3BAB-4A15-AA06-7368EAEFBFDF}.Debug|Any CPU.ActiveCfg = Debug|Any CPU
		{5131272D-3BAB-4A15-AA06-7368EAEFBFDF}.Debug|Any CPU.Build.0 = Debug|Any CPU
		{5131272D-3BAB-4A15-AA06-7368EAEFBFDF}.Release|Any CPU.ActiveCfg = Release|Any CPU
		{5131272D-3BAB-4A15-AA06-7368EAEFBFDF}.Release|Any CPU.Build.0 = Release|Any CPU
	EndGlobalSection
	GlobalSection(SolutionProperties) = preSolution
		HideSolutionNode = FALSE
	EndGlobalSection
	GlobalSection(ExtensibilityGlobals) = postSolution
		SolutionGuid = {FEA9967C-3059-4119-A09D-C6DBE1928D34}
	EndGlobalSection
EndGlobal
